
Microsoft Visual Studio Solution File, Format Version 12.00
# Visual Studio Version 17
VisualStudioVersion = 17.0.31825.309
MinimumVisualStudioVersion = 10.0.40219.1
Project("{9A19103F-16F7-4668-BE54-9A1E7A4F7556}") = "ForkFrontend", "ForkFrontend.csproj", "{AC2BA6EF-9B16-478B-90C5-496C67A7A4E2}"
EndProject
Project("{9A19103F-16F7-4668-BE54-9A1E7A4F7556}") = "ForkCommon", "..\ForkCommon\ForkCommon.csproj", "{2AB0EA80-874B-4C55-8CC8-C38389851BBB}"
EndProject
Global
	GlobalSection(SolutionConfigurationPlatforms) = preSolution
		Debug|Any CPU = Debug|Any CPU
		Release|Any CPU = Release|Any CPU
	EndGlobalSection
	GlobalSection(ProjectConfigurationPlatforms) = postSolution
		{AC2BA6EF-9B16-478B-90C5-496C67A7A4E2}.Debug|Any CPU.ActiveCfg = Debug|Any CPU
		{AC2BA6EF-9B16-478B-90C5-496C67A7A4E2}.Debug|Any CPU.Build.0 = Debug|Any CPU
		{AC2BA6EF-9B16-478B-90C5-496C67A7A4E2}.Release|Any CPU.ActiveCfg = Release|Any CPU
		{AC2BA6EF-9B16-478B-90C5-496C67A7A4E2}.Release|Any CPU.Build.0 = Release|Any CPU
		{2AB0EA80-874B-4C55-8CC8-C38389851BBB}.Debug|Any CPU.ActiveCfg = Debug|Any CPU
		{2AB0EA80-874B-4C55-8CC8-C38389851BBB}.Debug|Any CPU.Build.0 = Debug|Any CPU
		{2AB0EA80-874B-4C55-8CC8-C38389851BBB}.Release|Any CPU.ActiveCfg = Release|Any CPU
		{2AB0EA80-874B-4C55-8CC8-C38389851BBB}.Release|Any CPU.Build.0 = Release|Any CPU
	EndGlobalSection
	GlobalSection(SolutionProperties) = preSolution
		HideSolutionNode = FALSE
	EndGlobalSection
	GlobalSection(ExtensibilityGlobals) = postSolution
		SolutionGuid = {A171374F-762C-4C2E-8D09-51276C7AAD68}
	EndGlobalSection
EndGlobal
